// !$*UTF8*$!
{
	archiveVersion = 1;
	classes = {
	};
	objectVersion = 77;
	objects = {

/* Begin PBXBuildFile section */
		10E34071845E92C86FD88528 /* Pods_widgetoshinoko.framework in Frameworks */ = {isa = PBXBuildFile; fileRef = 2C2DFEAFEEEA36CF5473E326 /* Pods_widgetoshinoko.framework */; };
		3AD67875913A3BFE5A1E671E /* Pods_gaudyoshinokoExtension.framework in Frameworks */ = {isa = PBXBuildFile; fileRef = 61A89DA7C526830B039F5E25 /* Pods_gaudyoshinokoExtension.framework */; };
		7CB8F1096B1D6B2AF31FF9B7 /* Pods_widgetoshinoko_widgetoshinokoUITests.framework in Frameworks */ = {isa = PBXBuildFile; fileRef = 68176884A85FD70BB2BB9652 /* Pods_widgetoshinoko_widgetoshinokoUITests.framework */; };
		CA49F3092D747E780021F472 /* WidgetKit.framework in Frameworks */ = {isa = PBXBuildFile; fileRef = CA49F3082D747E780021F472 /* WidgetKit.framework */; };
		CA49F30B2D747E780021F472 /* SwiftUI.framework in Frameworks */ = {isa = PBXBuildFile; fileRef = CA49F30A2D747E780021F472 /* SwiftUI.framework */; };
		CA49F31C2D747E7A0021F472 /* gaudyoshinokoExtension.appex in Embed Foundation Extensions */ = {isa = PBXBuildFile; fileRef = CA49F3062D747E780021F472 /* gaudyoshinokoExtension.appex */; settings = {ATTRIBUTES = (RemoveHeadersOnCopy, ); }; };
		CA72B3AB2D929F090090D319 /* GaudiyWidgetShared.framework in Frameworks */ = {isa = PBXBuildFile; fileRef = CA72B3A12D929F080090D319 /* GaudiyWidgetShared.framework */; };
		CA72B3B62D929F090090D319 /* GaudiyWidgetShared.framework in Frameworks */ = {isa = PBXBuildFile; fileRef = CA72B3A12D929F080090D319 /* GaudiyWidgetShared.framework */; };
		CA72B3B82D929F090090D319 /* GaudiyWidgetShared.framework in Embed Frameworks */ = {isa = PBXBuildFile; fileRef = CA72B3A12D929F080090D319 /* GaudiyWidgetShared.framework */; settings = {ATTRIBUTES = (CodeSignOnCopy, RemoveHeadersOnCopy, ); }; };
		CAB05BA82D82D9B4000CFE6C /* SwiftUI.framework in Embed Foundation Extensions */ = {isa = PBXBuildFile; fileRef = CA49F30A2D747E780021F472 /* SwiftUI.framework */; settings = {ATTRIBUTES = (CodeSignOnCopy, RemoveHeadersOnCopy, ); }; };
		CAB05BA92D82D9C3000CFE6C /* WidgetKit.framework in Embed Foundation Extensions */ = {isa = PBXBuildFile; fileRef = CA49F3082D747E780021F472 /* WidgetKit.framework */; settings = {ATTRIBUTES = (CodeSignOnCopy, RemoveHeadersOnCopy, ); }; };
		E4C44F46BD00E3DB191256E7 /* Pods_widgetoshinokoTests.framework in Frameworks */ = {isa = PBXBuildFile; fileRef = 08585EB37470B0F3CC235175 /* Pods_widgetoshinokoTests.framework */; };
/* End PBXBuildFile section */

/* Begin PBXContainerItemProxy section */
		CA49F2E62D747E2E0021F472 /* PBXContainerItemProxy */ = {
			isa = PBXContainerItemProxy;
			containerPortal = CA49F2CD2D747E2D0021F472 /* Project object */;
			proxyType = 1;
			remoteGlobalIDString = CA49F2D42D747E2D0021F472;
			remoteInfo = widgetoshinoko;
		};
		CA49F2F02D747E2E0021F472 /* PBXContainerItemProxy */ = {
			isa = PBXContainerItemProxy;
			containerPortal = CA49F2CD2D747E2D0021F472 /* Project object */;
			proxyType = 1;
			remoteGlobalIDString = CA49F2D42D747E2D0021F472;
			remoteInfo = widgetoshinoko;
		};
		CA49F31A2D747E7A0021F472 /* PBXContainerItemProxy */ = {
			isa = PBXContainerItemProxy;
			containerPortal = CA49F2CD2D747E2D0021F472 /* Project object */;
			proxyType = 1;
			remoteGlobalIDString = CA49F3052D747E780021F472;
			remoteInfo = gaudyoshinokoExtension;
		};
		CA72B3AC2D929F090090D319 /* PBXContainerItemProxy */ = {
			isa = PBXContainerItemProxy;
			containerPortal = CA49F2CD2D747E2D0021F472 /* Project object */;
			proxyType = 1;
			remoteGlobalIDString = CA72B3A02D929F080090D319;
			remoteInfo = GaudiyWidgetShared;
		};
		CA72B3AE2D929F090090D319 /* PBXContainerItemProxy */ = {
			isa = PBXContainerItemProxy;
			containerPortal = CA49F2CD2D747E2D0021F472 /* Project object */;
			proxyType = 1;
			remoteGlobalIDString = CA49F2D42D747E2D0021F472;
			remoteInfo = widgetoshinoko;
		};
		CA72B3B42D929F090090D319 /* PBXContainerItemProxy */ = {
			isa = PBXContainerItemProxy;
			containerPortal = CA49F2CD2D747E2D0021F472 /* Project object */;
			proxyType = 1;
			remoteGlobalIDString = CA72B3A02D929F080090D319;
			remoteInfo = GaudiyWidgetShared;
		};
/* End PBXContainerItemProxy section */

/* Begin PBXCopyFilesBuildPhase section */
		CA49F3212D747E7A0021F472 /* Embed Foundation Extensions */ = {
			isa = PBXCopyFilesBuildPhase;
			buildActionMask = 2147483647;
			dstPath = "";
			dstSubfolderSpec = 13;
			files = (
				CAB05BA92D82D9C3000CFE6C /* WidgetKit.framework in Embed Foundation Extensions */,
				CAB05BA82D82D9B4000CFE6C /* SwiftUI.framework in Embed Foundation Extensions */,
				CA49F31C2D747E7A0021F472 /* gaudyoshinokoExtension.appex in Embed Foundation Extensions */,
			);
			name = "Embed Foundation Extensions";
			runOnlyForDeploymentPostprocessing = 0;
		};
		CA72B3B72D929F090090D319 /* Embed Frameworks */ = {
			isa = PBXCopyFilesBuildPhase;
			buildActionMask = 2147483647;
			dstPath = "";
			dstSubfolderSpec = 10;
			files = (
				CA72B3B82D929F090090D319 /* GaudiyWidgetShared.framework in Embed Frameworks */,
			);
			name = "Embed Frameworks";
			runOnlyForDeploymentPostprocessing = 0;
		};
/* End PBXCopyFilesBuildPhase section */

/* Begin PBXFileReference section */
		06B4B58F9BDBA3414CBF8D6E /* Pods-gaudyoshinokoExtension.debug.xcconfig */ = {isa = PBXFileReference; includeInIndex = 1; lastKnownFileType = text.xcconfig; name = "Pods-gaudyoshinokoExtension.debug.xcconfig"; path = "Target Support Files/Pods-gaudyoshinokoExtension/Pods-gaudyoshinokoExtension.debug.xcconfig"; sourceTree = "<group>"; };
		08585EB37470B0F3CC235175 /* Pods_widgetoshinokoTests.framework */ = {isa = PBXFileReference; explicitFileType = wrapper.framework; includeInIndex = 0; path = Pods_widgetoshinokoTests.framework; sourceTree = BUILT_PRODUCTS_DIR; };
		2C2DFEAFEEEA36CF5473E326 /* Pods_widgetoshinoko.framework */ = {isa = PBXFileReference; explicitFileType = wrapper.framework; includeInIndex = 0; path = Pods_widgetoshinoko.framework; sourceTree = BUILT_PRODUCTS_DIR; };
		41D40EAFB348CA7C6F3B3CDE /* Pods-widgetoshinokoTests.release.xcconfig */ = {isa = PBXFileReference; includeInIndex = 1; lastKnownFileType = text.xcconfig; name = "Pods-widgetoshinokoTests.release.xcconfig"; path = "Target Support Files/Pods-widgetoshinokoTests/Pods-widgetoshinokoTests.release.xcconfig"; sourceTree = "<group>"; };
		4FB0740AC78A96454E217F28 /* Pods-widgetoshinoko-widgetoshinokoUITests.release.xcconfig */ = {isa = PBXFileReference; includeInIndex = 1; lastKnownFileType = text.xcconfig; name = "Pods-widgetoshinoko-widgetoshinokoUITests.release.xcconfig"; path = "Target Support Files/Pods-widgetoshinoko-widgetoshinokoUITests/Pods-widgetoshinoko-widgetoshinokoUITests.release.xcconfig"; sourceTree = "<group>"; };
		61A89DA7C526830B039F5E25 /* Pods_gaudyoshinokoExtension.framework */ = {isa = PBXFileReference; explicitFileType = wrapper.framework; includeInIndex = 0; path = Pods_gaudyoshinokoExtension.framework; sourceTree = BUILT_PRODUCTS_DIR; };
		68176884A85FD70BB2BB9652 /* Pods_widgetoshinoko_widgetoshinokoUITests.framework */ = {isa = PBXFileReference; explicitFileType = wrapper.framework; includeInIndex = 0; path = Pods_widgetoshinoko_widgetoshinokoUITests.framework; sourceTree = BUILT_PRODUCTS_DIR; };
		6C2D519E2209D7DEA3E27A7B /* Pods-widgetoshinoko.release.xcconfig */ = {isa = PBXFileReference; includeInIndex = 1; lastKnownFileType = text.xcconfig; name = "Pods-widgetoshinoko.release.xcconfig"; path = "Target Support Files/Pods-widgetoshinoko/Pods-widgetoshinoko.release.xcconfig"; sourceTree = "<group>"; };
		AA7C79D419BEA7D48286C2F8 /* Pods-widgetoshinoko-widgetoshinokoUITests.debug.xcconfig */ = {isa = PBXFileReference; includeInIndex = 1; lastKnownFileType = text.xcconfig; name = "Pods-widgetoshinoko-widgetoshinokoUITests.debug.xcconfig"; path = "Target Support Files/Pods-widgetoshinoko-widgetoshinokoUITests/Pods-widgetoshinoko-widgetoshinokoUITests.debug.xcconfig"; sourceTree = "<group>"; };
		B6F7141E1D872BC11F25109D /* Pods-widgetoshinokoTests.debug.xcconfig */ = {isa = PBXFileReference; includeInIndex = 1; lastKnownFileType = text.xcconfig; name = "Pods-widgetoshinokoTests.debug.xcconfig"; path = "Target Support Files/Pods-widgetoshinokoTests/Pods-widgetoshinokoTests.debug.xcconfig"; sourceTree = "<group>"; };
		CA49F2D52D747E2D0021F472 /* widgetoshinoko.app */ = {isa = PBXFileReference; explicitFileType = wrapper.application; includeInIndex = 0; path = widgetoshinoko.app; sourceTree = BUILT_PRODUCTS_DIR; };
		CA49F2E52D747E2E0021F472 /* widgetoshinokoTests.xctest */ = {isa = PBXFileReference; explicitFileType = wrapper.cfbundle; includeInIndex = 0; path = widgetoshinokoTests.xctest; sourceTree = BUILT_PRODUCTS_DIR; };
		CA49F2EF2D747E2E0021F472 /* widgetoshinokoUITests.xctest */ = {isa = PBXFileReference; explicitFileType = wrapper.cfbundle; includeInIndex = 0; path = widgetoshinokoUITests.xctest; sourceTree = BUILT_PRODUCTS_DIR; };
		CA49F3062D747E780021F472 /* gaudyoshinokoExtension.appex */ = {isa = PBXFileReference; explicitFileType = "wrapper.app-extension"; includeInIndex = 0; path = gaudyoshinokoExtension.appex; sourceTree = BUILT_PRODUCTS_DIR; };
		CA49F3082D747E780021F472 /* WidgetKit.framework */ = {isa = PBXFileReference; lastKnownFileType = wrapper.framework; name = WidgetKit.framework; path = System/Library/Frameworks/WidgetKit.framework; sourceTree = SDKROOT; };
		CA49F30A2D747E780021F472 /* SwiftUI.framework */ = {isa = PBXFileReference; lastKnownFileType = wrapper.framework; name = SwiftUI.framework; path = System/Library/Frameworks/SwiftUI.framework; sourceTree = SDKROOT; };
		CA49F3272D7485E70021F472 /* gaudyoshinokoExtension.entitlements */ = {isa = PBXFileReference; lastKnownFileType = text.plist.entitlements; path = gaudyoshinokoExtension.entitlements; sourceTree = "<group>"; };
		CA72B3A12D929F080090D319 /* GaudiyWidgetShared.framework */ = {isa = PBXFileReference; explicitFileType = wrapper.framework; includeInIndex = 0; path = GaudiyWidgetShared.framework; sourceTree = BUILT_PRODUCTS_DIR; };
		CA72B3AA2D929F090090D319 /* GaudiyWidgetSharedTests.xctest */ = {isa = PBXFileReference; explicitFileType = wrapper.cfbundle; includeInIndex = 0; path = GaudiyWidgetSharedTests.xctest; sourceTree = BUILT_PRODUCTS_DIR; };
		D34DE3590063C1C3091EE608 /* Pods-gaudyoshinokoExtension.release.xcconfig */ = {isa = PBXFileReference; includeInIndex = 1; lastKnownFileType = text.xcconfig; name = "Pods-gaudyoshinokoExtension.release.xcconfig"; path = "Target Support Files/Pods-gaudyoshinokoExtension/Pods-gaudyoshinokoExtension.release.xcconfig"; sourceTree = "<group>"; };
		E69E2B77F60CAD1C6DA5A274 /* Pods-widgetoshinoko.debug.xcconfig */ = {isa = PBXFileReference; includeInIndex = 1; lastKnownFileType = text.xcconfig; name = "Pods-widgetoshinoko.debug.xcconfig"; path = "Target Support Files/Pods-widgetoshinoko/Pods-widgetoshinoko.debug.xcconfig"; sourceTree = "<group>"; };
/* End PBXFileReference section */

/* Begin PBXFileSystemSynchronizedBuildFileExceptionSet section */
		CA49F31D2D747E7A0021F472 /* Exceptions for "gaudyoshinoko" folder in "gaudyoshinokoExtension" target */ = {
			isa = PBXFileSystemSynchronizedBuildFileExceptionSet;
			membershipExceptions = (
				Info.plist,
			);
			target = CA49F3052D747E780021F472 /* gaudyoshinokoExtension */;
		};
		CA49F3282D74866C0021F472 /* Exceptions for "widgetoshinoko" folder in "widgetoshinoko" target */ = {
			isa = PBXFileSystemSynchronizedBuildFileExceptionSet;
			membershipExceptions = (
				Info.plist,
			);
			target = CA49F2D42D747E2D0021F472 /* widgetoshinoko */;
		};
		CA72B3BC2D929F090090D319 /* Exceptions for "GaudiyWidgetShared" folder in "GaudiyWidgetShared" target */ = {
			isa = PBXFileSystemSynchronizedBuildFileExceptionSet;
			publicHeaders = (
				GaudiyWidgetShared.h,
			);
			target = CA72B3A02D929F080090D319 /* GaudiyWidgetShared */;
		};
/* End PBXFileSystemSynchronizedBuildFileExceptionSet section */

/* Begin PBXFileSystemSynchronizedRootGroup section */
		CA49F2D72D747E2D0021F472 /* widgetoshinoko */ = {
			isa = PBXFileSystemSynchronizedRootGroup;
			exceptions = (
				CA49F3282D74866C0021F472 /* Exceptions for "widgetoshinoko" folder in "widgetoshinoko" target */,
			);
			path = widgetoshinoko;
			sourceTree = "<group>";
		};
		CA49F2E82D747E2E0021F472 /* widgetoshinokoTests */ = {
			isa = PBXFileSystemSynchronizedRootGroup;
			path = widgetoshinokoTests;
			sourceTree = "<group>";
		};
		CA49F2F22D747E2E0021F472 /* widgetoshinokoUITests */ = {
			isa = PBXFileSystemSynchronizedRootGroup;
			path = widgetoshinokoUITests;
			sourceTree = "<group>";
		};
		CA49F30C2D747E780021F472 /* gaudyoshinoko */ = {
			isa = PBXFileSystemSynchronizedRootGroup;
			exceptions = (
				CA49F31D2D747E7A0021F472 /* Exceptions for "gaudyoshinoko" folder in "gaudyoshinokoExtension" target */,
			);
			path = gaudyoshinoko;
			sourceTree = "<group>";
		};
		CA72B3A22D929F080090D319 /* GaudiyWidgetShared */ = {
			isa = PBXFileSystemSynchronizedRootGroup;
			exceptions = (
				CA72B3BC2D929F090090D319 /* Exceptions for "GaudiyWidgetShared" folder in "GaudiyWidgetShared" target */,
			);
			path = GaudiyWidgetShared;
			sourceTree = "<group>";
		};
		CA72B3B02D929F090090D319 /* GaudiyWidgetSharedTests */ = {
			isa = PBXFileSystemSynchronizedRootGroup;
			path = GaudiyWidgetSharedTests;
			sourceTree = "<group>";
		};
/* End PBXFileSystemSynchronizedRootGroup section */

/* Begin PBXFrameworksBuildPhase section */
		CA49F2D22D747E2D0021F472 /* Frameworks */ = {
			isa = PBXFrameworksBuildPhase;
			buildActionMask = 2147483647;
			files = (
				CA72B3B62D929F090090D319 /* GaudiyWidgetShared.framework in Frameworks */,
				10E34071845E92C86FD88528 /* Pods_widgetoshinoko.framework in Frameworks */,
			);
			runOnlyForDeploymentPostprocessing = 0;
		};
		CA49F2E22D747E2E0021F472 /* Frameworks */ = {
			isa = PBXFrameworksBuildPhase;
			buildActionMask = 2147483647;
			files = (
				E4C44F46BD00E3DB191256E7 /* Pods_widgetoshinokoTests.framework in Frameworks */,
			);
			runOnlyForDeploymentPostprocessing = 0;
		};
		CA49F2EC2D747E2E0021F472 /* Frameworks */ = {
			isa = PBXFrameworksBuildPhase;
			buildActionMask = 2147483647;
			files = (
				7CB8F1096B1D6B2AF31FF9B7 /* Pods_widgetoshinoko_widgetoshinokoUITests.framework in Frameworks */,
			);
			runOnlyForDeploymentPostprocessing = 0;
		};
		CA49F3032D747E780021F472 /* Frameworks */ = {
			isa = PBXFrameworksBuildPhase;
			buildActionMask = 2147483647;
			files = (
				CA49F30B2D747E780021F472 /* SwiftUI.framework in Frameworks */,
				CA49F3092D747E780021F472 /* WidgetKit.framework in Frameworks */,
				3AD67875913A3BFE5A1E671E /* Pods_gaudyoshinokoExtension.framework in Frameworks */,
			);
			runOnlyForDeploymentPostprocessing = 0;
		};
		CA72B39E2D929F080090D319 /* Frameworks */ = {
			isa = PBXFrameworksBuildPhase;
			buildActionMask = 2147483647;
			files = (
			);
			runOnlyForDeploymentPostprocessing = 0;
		};
		CA72B3A72D929F090090D319 /* Frameworks */ = {
			isa = PBXFrameworksBuildPhase;
			buildActionMask = 2147483647;
			files = (
				CA72B3AB2D929F090090D319 /* GaudiyWidgetShared.framework in Frameworks */,
			);
			runOnlyForDeploymentPostprocessing = 0;
		};
/* End PBXFrameworksBuildPhase section */

/* Begin PBXGroup section */
		1ACF74DFCFB66701B4882585 /* Pods */ = {
			isa = PBXGroup;
			children = (
				06B4B58F9BDBA3414CBF8D6E /* Pods-gaudyoshinokoExtension.debug.xcconfig */,
				D34DE3590063C1C3091EE608 /* Pods-gaudyoshinokoExtension.release.xcconfig */,
				E69E2B77F60CAD1C6DA5A274 /* Pods-widgetoshinoko.debug.xcconfig */,
				6C2D519E2209D7DEA3E27A7B /* Pods-widgetoshinoko.release.xcconfig */,
				AA7C79D419BEA7D48286C2F8 /* Pods-widgetoshinoko-widgetoshinokoUITests.debug.xcconfig */,
				4FB0740AC78A96454E217F28 /* Pods-widgetoshinoko-widgetoshinokoUITests.release.xcconfig */,
				B6F7141E1D872BC11F25109D /* Pods-widgetoshinokoTests.debug.xcconfig */,
				41D40EAFB348CA7C6F3B3CDE /* Pods-widgetoshinokoTests.release.xcconfig */,
			);
			path = Pods;
			sourceTree = "<group>";
		};
		CA49F2CC2D747E2D0021F472 = {
			isa = PBXGroup;
			children = (
				CA49F3272D7485E70021F472 /* gaudyoshinokoExtension.entitlements */,
				CA49F2D72D747E2D0021F472 /* widgetoshinoko */,
				CA49F2E82D747E2E0021F472 /* widgetoshinokoTests */,
				CA49F2F22D747E2E0021F472 /* widgetoshinokoUITests */,
				CA49F30C2D747E780021F472 /* gaudyoshinoko */,
				CA72B3A22D929F080090D319 /* GaudiyWidgetShared */,
				CA72B3B02D929F090090D319 /* GaudiyWidgetSharedTests */,
				CA49F3072D747E780021F472 /* Frameworks */,
				CA49F2D62D747E2D0021F472 /* Products */,
				1ACF74DFCFB66701B4882585 /* Pods */,
			);
			sourceTree = "<group>";
		};
		CA49F2D62D747E2D0021F472 /* Products */ = {
			isa = PBXGroup;
			children = (
				CA49F2D52D747E2D0021F472 /* widgetoshinoko.app */,
				CA49F2E52D747E2E0021F472 /* widgetoshinokoTests.xctest */,
				CA49F2EF2D747E2E0021F472 /* widgetoshinokoUITests.xctest */,
				CA49F3062D747E780021F472 /* gaudyoshinokoExtension.appex */,
				CA72B3A12D929F080090D319 /* GaudiyWidgetShared.framework */,
				CA72B3AA2D929F090090D319 /* GaudiyWidgetSharedTests.xctest */,
			);
			name = Products;
			sourceTree = "<group>";
		};
		CA49F3072D747E780021F472 /* Frameworks */ = {
			isa = PBXGroup;
			children = (
				CA49F3082D747E780021F472 /* WidgetKit.framework */,
				CA49F30A2D747E780021F472 /* SwiftUI.framework */,
				61A89DA7C526830B039F5E25 /* Pods_gaudyoshinokoExtension.framework */,
				2C2DFEAFEEEA36CF5473E326 /* Pods_widgetoshinoko.framework */,
				68176884A85FD70BB2BB9652 /* Pods_widgetoshinoko_widgetoshinokoUITests.framework */,
				08585EB37470B0F3CC235175 /* Pods_widgetoshinokoTests.framework */,
			);
			name = Frameworks;
			sourceTree = "<group>";
		};
/* End PBXGroup section */

/* Begin PBXHeadersBuildPhase section */
		CA72B39C2D929F080090D319 /* Headers */ = {
			isa = PBXHeadersBuildPhase;
			buildActionMask = 2147483647;
			files = (
			);
			runOnlyForDeploymentPostprocessing = 0;
		};
/* End PBXHeadersBuildPhase section */

/* Begin PBXNativeTarget section */
		CA49F2D42D747E2D0021F472 /* widgetoshinoko */ = {
			isa = PBXNativeTarget;
			buildConfigurationList = CA49F2F92D747E2E0021F472 /* Build configuration list for PBXNativeTarget "widgetoshinoko" */;
			buildPhases = (
				1E01D9E15CB2C7C88944D30B /* [CP] Check Pods Manifest.lock */,
				CA49F2D12D747E2D0021F472 /* Sources */,
				CA49F2D22D747E2D0021F472 /* Frameworks */,
				CA49F2D32D747E2D0021F472 /* Resources */,
				CA49F3212D747E7A0021F472 /* Embed Foundation Extensions */,
				9637971D9BFFEF420021681D /* [CP] Embed Pods Frameworks */,
				CA72B3B72D929F090090D319 /* Embed Frameworks */,
			);
			buildRules = (
			);
			dependencies = (
				CA49F31B2D747E7A0021F472 /* PBXTargetDependency */,
				CA72B3B52D929F090090D319 /* PBXTargetDependency */,
			);
			fileSystemSynchronizedGroups = (
				CA49F2D72D747E2D0021F472 /* widgetoshinoko */,
			);
			name = widgetoshinoko;
			productName = widgetoshinoko;
			productReference = CA49F2D52D747E2D0021F472 /* widgetoshinoko.app */;
			productType = "com.apple.product-type.application";
		};
		CA49F2E42D747E2E0021F472 /* widgetoshinokoTests */ = {
			isa = PBXNativeTarget;
			buildConfigurationList = CA49F2FC2D747E2E0021F472 /* Build configuration list for PBXNativeTarget "widgetoshinokoTests" */;
			buildPhases = (
				8EE06EABDBBD3CB4FA78EC89 /* [CP] Check Pods Manifest.lock */,
				CA49F2E12D747E2E0021F472 /* Sources */,
				CA49F2E22D747E2E0021F472 /* Frameworks */,
				CA49F2E32D747E2E0021F472 /* Resources */,
			);
			buildRules = (
			);
			dependencies = (
				CA49F2E72D747E2E0021F472 /* PBXTargetDependency */,
			);
			fileSystemSynchronizedGroups = (
				CA49F2E82D747E2E0021F472 /* widgetoshinokoTests */,
			);
			name = widgetoshinokoTests;
			productName = widgetoshinokoTests;
			productReference = CA49F2E52D747E2E0021F472 /* widgetoshinokoTests.xctest */;
			productType = "com.apple.product-type.bundle.unit-test";
		};
		CA49F2EE2D747E2E0021F472 /* widgetoshinokoUITests */ = {
			isa = PBXNativeTarget;
			buildConfigurationList = CA49F2FF2D747E2E0021F472 /* Build configuration list for PBXNativeTarget "widgetoshinokoUITests" */;
			buildPhases = (
				6AD455DB940B3AF78A45A01B /* [CP] Check Pods Manifest.lock */,
				CA49F2EB2D747E2E0021F472 /* Sources */,
				CA49F2EC2D747E2E0021F472 /* Frameworks */,
				CA49F2ED2D747E2E0021F472 /* Resources */,
				DF7127556C8AD1116490B19C /* [CP] Embed Pods Frameworks */,
			);
			buildRules = (
			);
			dependencies = (
				CA49F2F12D747E2E0021F472 /* PBXTargetDependency */,
			);
			fileSystemSynchronizedGroups = (
				CA49F2F22D747E2E0021F472 /* widgetoshinokoUITests */,
			);
			name = widgetoshinokoUITests;
			productName = widgetoshinokoUITests;
			productReference = CA49F2EF2D747E2E0021F472 /* widgetoshinokoUITests.xctest */;
			productType = "com.apple.product-type.bundle.ui-testing";
		};
		CA49F3052D747E780021F472 /* gaudyoshinokoExtension */ = {
			isa = PBXNativeTarget;
			buildConfigurationList = CA49F31E2D747E7A0021F472 /* Build configuration list for PBXNativeTarget "gaudyoshinokoExtension" */;
			buildPhases = (
				69EDDF3485806012713B653D /* [CP] Check Pods Manifest.lock */,
				CA49F3022D747E780021F472 /* Sources */,
				CA49F3032D747E780021F472 /* Frameworks */,
				CA49F3042D747E780021F472 /* Resources */,
			);
			buildRules = (
			);
			dependencies = (
			);
			fileSystemSynchronizedGroups = (
				CA49F30C2D747E780021F472 /* gaudyoshinoko */,
			);
			name = gaudyoshinokoExtension;
			productName = gaudyoshinokoExtension;
			productReference = CA49F3062D747E780021F472 /* gaudyoshinokoExtension.appex */;
			productType = "com.apple.product-type.app-extension";
		};
		CA72B3A02D929F080090D319 /* GaudiyWidgetShared */ = {
			isa = PBXNativeTarget;
			buildConfigurationList = CA72B3B92D929F090090D319 /* Build configuration list for PBXNativeTarget "GaudiyWidgetShared" */;
			buildPhases = (
				CA72B39C2D929F080090D319 /* Headers */,
				CA72B39D2D929F080090D319 /* Sources */,
				CA72B39E2D929F080090D319 /* Frameworks */,
				CA72B39F2D929F080090D319 /* Resources */,
			);
			buildRules = (
			);
			dependencies = (
			);
			fileSystemSynchronizedGroups = (
				CA72B3A22D929F080090D319 /* GaudiyWidgetShared */,
			);
			name = GaudiyWidgetShared;
			packageProductDependencies = (
			);
			productName = GaudiyWidgetShared;
			productReference = CA72B3A12D929F080090D319 /* GaudiyWidgetShared.framework */;
			productType = "com.apple.product-type.framework";
		};
		CA72B3A92D929F090090D319 /* GaudiyWidgetSharedTests */ = {
			isa = PBXNativeTarget;
			buildConfigurationList = CA72B3BD2D929F090090D319 /* Build configuration list for PBXNativeTarget "GaudiyWidgetSharedTests" */;
			buildPhases = (
				CA72B3A62D929F090090D319 /* Sources */,
				CA72B3A72D929F090090D319 /* Frameworks */,
				CA72B3A82D929F090090D319 /* Resources */,
			);
			buildRules = (
			);
			dependencies = (
				CA72B3AD2D929F090090D319 /* PBXTargetDependency */,
				CA72B3AF2D929F090090D319 /* PBXTargetDependency */,
			);
			fileSystemSynchronizedGroups = (
				CA72B3B02D929F090090D319 /* GaudiyWidgetSharedTests */,
			);
			name = GaudiyWidgetSharedTests;
			packageProductDependencies = (
			);
			productName = GaudiyWidgetSharedTests;
			productReference = CA72B3AA2D929F090090D319 /* GaudiyWidgetSharedTests.xctest */;
			productType = "com.apple.product-type.bundle.unit-test";
		};
/* End PBXNativeTarget section */

/* Begin PBXProject section */
		CA49F2CD2D747E2D0021F472 /* Project object */ = {
			isa = PBXProject;
			attributes = {
				BuildIndependentTargetsInParallel = 1;
				LastSwiftUpdateCheck = 1620;
				LastUpgradeCheck = 1620;
				TargetAttributes = {
					CA49F2D42D747E2D0021F472 = {
						CreatedOnToolsVersion = 16.2;
					};
					CA49F2E42D747E2E0021F472 = {
						CreatedOnToolsVersion = 16.2;
						TestTargetID = CA49F2D42D747E2D0021F472;
					};
					CA49F2EE2D747E2E0021F472 = {
						CreatedOnToolsVersion = 16.2;
						TestTargetID = CA49F2D42D747E2D0021F472;
					};
					CA49F3052D747E780021F472 = {
						CreatedOnToolsVersion = 16.2;
					};
					CA72B3A02D929F080090D319 = {
						CreatedOnToolsVersion = 16.2;
					};
					CA72B3A92D929F090090D319 = {
						CreatedOnToolsVersion = 16.2;
						TestTargetID = CA49F2D42D747E2D0021F472;
					};
				};
			};
			buildConfigurationList = CA49F2D02D747E2D0021F472 /* Build configuration list for PBXProject "widgetoshinoko" */;
			developmentRegion = en;
			hasScannedForEncodings = 0;
			knownRegions = (
				en,
				Base,
				ja,
			);
			mainGroup = CA49F2CC2D747E2D0021F472;
			minimizedProjectReferenceProxies = 1;
			preferredProjectObjectVersion = 77;
			productRefGroup = CA49F2D62D747E2D0021F472 /* Products */;
			projectDirPath = "";
			projectRoot = "";
			targets = (
				CA49F2D42D747E2D0021F472 /* widgetoshinoko */,
				CA49F2E42D747E2E0021F472 /* widgetoshinokoTests */,
				CA49F2EE2D747E2E0021F472 /* widgetoshinokoUITests */,
				CA49F3052D747E780021F472 /* gaudyoshinokoExtension */,
				CA72B3A02D929F080090D319 /* GaudiyWidgetShared */,
				CA72B3A92D929F090090D319 /* GaudiyWidgetSharedTests */,
			);
		};
/* End PBXProject section */

/* Begin PBXResourcesBuildPhase section */
		CA49F2D32D747E2D0021F472 /* Resources */ = {
			isa = PBXResourcesBuildPhase;
			buildActionMask = 2147483647;
			files = (
			);
			runOnlyForDeploymentPostprocessing = 0;
		};
		CA49F2E32D747E2E0021F472 /* Resources */ = {
			isa = PBXResourcesBuildPhase;
			buildActionMask = 2147483647;
			files = (
			);
			runOnlyForDeploymentPostprocessing = 0;
		};
		CA49F2ED2D747E2E0021F472 /* Resources */ = {
			isa = PBXResourcesBuildPhase;
			buildActionMask = 2147483647;
			files = (
			);
			runOnlyForDeploymentPostprocessing = 0;
		};
		CA49F3042D747E780021F472 /* Resources */ = {
			isa = PBXResourcesBuildPhase;
			buildActionMask = 2147483647;
			files = (
			);
			runOnlyForDeploymentPostprocessing = 0;
		};
		CA72B39F2D929F080090D319 /* Resources */ = {
			isa = PBXResourcesBuildPhase;
			buildActionMask = 2147483647;
			files = (
			);
			runOnlyForDeploymentPostprocessing = 0;
		};
		CA72B3A82D929F090090D319 /* Resources */ = {
			isa = PBXResourcesBuildPhase;
			buildActionMask = 2147483647;
			files = (
			);
			runOnlyForDeploymentPostprocessing = 0;
		};
/* End PBXResourcesBuildPhase section */

/* Begin PBXShellScriptBuildPhase section */
		1E01D9E15CB2C7C88944D30B /* [CP] Check Pods Manifest.lock */ = {
			isa = PBXShellScriptBuildPhase;
			buildActionMask = 2147483647;
			files = (
			);
			inputFileListPaths = (
			);
			inputPaths = (
				"${PODS_PODFILE_DIR_PATH}/Podfile.lock",
				"${PODS_ROOT}/Manifest.lock",
			);
			name = "[CP] Check Pods Manifest.lock";
			outputFileListPaths = (
			);
			outputPaths = (
				"$(DERIVED_FILE_DIR)/Pods-widgetoshinoko-checkManifestLockResult.txt",
			);
			runOnlyForDeploymentPostprocessing = 0;
			shellPath = /bin/sh;
			shellScript = "diff \"${PODS_PODFILE_DIR_PATH}/Podfile.lock\" \"${PODS_ROOT}/Manifest.lock\" > /dev/null\nif [ $? != 0 ] ; then\n    # print error to STDERR\n    echo \"error: The sandbox is not in sync with the Podfile.lock. Run 'pod install' or update your CocoaPods installation.\" >&2\n    exit 1\nfi\n# This output is used by Xcode 'outputs' to avoid re-running this script phase.\necho \"SUCCESS\" > \"${SCRIPT_OUTPUT_FILE_0}\"\n";
			showEnvVarsInLog = 0;
		};
		69EDDF3485806012713B653D /* [CP] Check Pods Manifest.lock */ = {
			isa = PBXShellScriptBuildPhase;
			buildActionMask = 2147483647;
			files = (
			);
			inputFileListPaths = (
			);
			inputPaths = (
				"${PODS_PODFILE_DIR_PATH}/Podfile.lock",
				"${PODS_ROOT}/Manifest.lock",
			);
			name = "[CP] Check Pods Manifest.lock";
			outputFileListPaths = (
			);
			outputPaths = (
				"$(DERIVED_FILE_DIR)/Pods-gaudyoshinokoExtension-checkManifestLockResult.txt",
			);
			runOnlyForDeploymentPostprocessing = 0;
			shellPath = /bin/sh;
			shellScript = "diff \"${PODS_PODFILE_DIR_PATH}/Podfile.lock\" \"${PODS_ROOT}/Manifest.lock\" > /dev/null\nif [ $? != 0 ] ; then\n    # print error to STDERR\n    echo \"error: The sandbox is not in sync with the Podfile.lock. Run 'pod install' or update your CocoaPods installation.\" >&2\n    exit 1\nfi\n# This output is used by Xcode 'outputs' to avoid re-running this script phase.\necho \"SUCCESS\" > \"${SCRIPT_OUTPUT_FILE_0}\"\n";
			showEnvVarsInLog = 0;
		};
		6AD455DB940B3AF78A45A01B /* [CP] Check Pods Manifest.lock */ = {
			isa = PBXShellScriptBuildPhase;
			buildActionMask = 2147483647;
			files = (
			);
			inputFileListPaths = (
			);
			inputPaths = (
				"${PODS_PODFILE_DIR_PATH}/Podfile.lock",
				"${PODS_ROOT}/Manifest.lock",
			);
			name = "[CP] Check Pods Manifest.lock";
			outputFileListPaths = (
			);
			outputPaths = (
				"$(DERIVED_FILE_DIR)/Pods-widgetoshinoko-widgetoshinokoUITests-checkManifestLockResult.txt",
			);
			runOnlyForDeploymentPostprocessing = 0;
			shellPath = /bin/sh;
			shellScript = "diff \"${PODS_PODFILE_DIR_PATH}/Podfile.lock\" \"${PODS_ROOT}/Manifest.lock\" > /dev/null\nif [ $? != 0 ] ; then\n    # print error to STDERR\n    echo \"error: The sandbox is not in sync with the Podfile.lock. Run 'pod install' or update your CocoaPods installation.\" >&2\n    exit 1\nfi\n# This output is used by Xcode 'outputs' to avoid re-running this script phase.\necho \"SUCCESS\" > \"${SCRIPT_OUTPUT_FILE_0}\"\n";
			showEnvVarsInLog = 0;
		};
		8EE06EABDBBD3CB4FA78EC89 /* [CP] Check Pods Manifest.lock */ = {
			isa = PBXShellScriptBuildPhase;
			buildActionMask = 2147483647;
			files = (
			);
			inputFileListPaths = (
			);
			inputPaths = (
				"${PODS_PODFILE_DIR_PATH}/Podfile.lock",
				"${PODS_ROOT}/Manifest.lock",
			);
			name = "[CP] Check Pods Manifest.lock";
			outputFileListPaths = (
			);
			outputPaths = (
				"$(DERIVED_FILE_DIR)/Pods-widgetoshinokoTests-checkManifestLockResult.txt",
			);
			runOnlyForDeploymentPostprocessing = 0;
			shellPath = /bin/sh;
			shellScript = "diff \"${PODS_PODFILE_DIR_PATH}/Podfile.lock\" \"${PODS_ROOT}/Manifest.lock\" > /dev/null\nif [ $? != 0 ] ; then\n    # print error to STDERR\n    echo \"error: The sandbox is not in sync with the Podfile.lock. Run 'pod install' or update your CocoaPods installation.\" >&2\n    exit 1\nfi\n# This output is used by Xcode 'outputs' to avoid re-running this script phase.\necho \"SUCCESS\" > \"${SCRIPT_OUTPUT_FILE_0}\"\n";
			showEnvVarsInLog = 0;
		};
		9637971D9BFFEF420021681D /* [CP] Embed Pods Frameworks */ = {
			isa = PBXShellScriptBuildPhase;
			buildActionMask = 2147483647;
			files = (
			);
			inputFileListPaths = (
				"${PODS_ROOT}/Target Support Files/Pods-widgetoshinoko/Pods-widgetoshinoko-frameworks-${CONFIGURATION}-input-files.xcfilelist",
			);
			name = "[CP] Embed Pods Frameworks";
			outputFileListPaths = (
				"${PODS_ROOT}/Target Support Files/Pods-widgetoshinoko/Pods-widgetoshinoko-frameworks-${CONFIGURATION}-output-files.xcfilelist",
			);
			runOnlyForDeploymentPostprocessing = 0;
			shellPath = /bin/sh;
			shellScript = "\"${PODS_ROOT}/Target Support Files/Pods-widgetoshinoko/Pods-widgetoshinoko-frameworks.sh\"\n";
			showEnvVarsInLog = 0;
		};
		DF7127556C8AD1116490B19C /* [CP] Embed Pods Frameworks */ = {
			isa = PBXShellScriptBuildPhase;
			buildActionMask = 2147483647;
			files = (
			);
			inputFileListPaths = (
				"${PODS_ROOT}/Target Support Files/Pods-widgetoshinoko-widgetoshinokoUITests/Pods-widgetoshinoko-widgetoshinokoUITests-frameworks-${CONFIGURATION}-input-files.xcfilelist",
			);
			name = "[CP] Embed Pods Frameworks";
			outputFileListPaths = (
				"${PODS_ROOT}/Target Support Files/Pods-widgetoshinoko-widgetoshinokoUITests/Pods-widgetoshinoko-widgetoshinokoUITests-frameworks-${CONFIGURATION}-output-files.xcfilelist",
			);
			runOnlyForDeploymentPostprocessing = 0;
			shellPath = /bin/sh;
			shellScript = "\"${PODS_ROOT}/Target Support Files/Pods-widgetoshinoko-widgetoshinokoUITests/Pods-widgetoshinoko-widgetoshinokoUITests-frameworks.sh\"\n";
			showEnvVarsInLog = 0;
		};
/* End PBXShellScriptBuildPhase section */

/* Begin PBXSourcesBuildPhase section */
		CA49F2D12D747E2D0021F472 /* Sources */ = {
			isa = PBXSourcesBuildPhase;
			buildActionMask = 2147483647;
			files = (
			);
			runOnlyForDeploymentPostprocessing = 0;
		};
		CA49F2E12D747E2E0021F472 /* Sources */ = {
			isa = PBXSourcesBuildPhase;
			buildActionMask = 2147483647;
			files = (
			);
			runOnlyForDeploymentPostprocessing = 0;
		};
		CA49F2EB2D747E2E0021F472 /* Sources */ = {
			isa = PBXSourcesBuildPhase;
			buildActionMask = 2147483647;
			files = (
			);
			runOnlyForDeploymentPostprocessing = 0;
		};
		CA49F3022D747E780021F472 /* Sources */ = {
			isa = PBXSourcesBuildPhase;
			buildActionMask = 2147483647;
			files = (
			);
			runOnlyForDeploymentPostprocessing = 0;
		};
		CA72B39D2D929F080090D319 /* Sources */ = {
			isa = PBXSourcesBuildPhase;
			buildActionMask = 2147483647;
			files = (
			);
			runOnlyForDeploymentPostprocessing = 0;
		};
		CA72B3A62D929F090090D319 /* Sources */ = {
			isa = PBXSourcesBuildPhase;
			buildActionMask = 2147483647;
			files = (
			);
			runOnlyForDeploymentPostprocessing = 0;
		};
/* End PBXSourcesBuildPhase section */

/* Begin PBXTargetDependency section */
		CA49F2E72D747E2E0021F472 /* PBXTargetDependency */ = {
			isa = PBXTargetDependency;
			target = CA49F2D42D747E2D0021F472 /* widgetoshinoko */;
			targetProxy = CA49F2E62D747E2E0021F472 /* PBXContainerItemProxy */;
		};
		CA49F2F12D747E2E0021F472 /* PBXTargetDependency */ = {
			isa = PBXTargetDependency;
			target = CA49F2D42D747E2D0021F472 /* widgetoshinoko */;
			targetProxy = CA49F2F02D747E2E0021F472 /* PBXContainerItemProxy */;
		};
		CA49F31B2D747E7A0021F472 /* PBXTargetDependency */ = {
			isa = PBXTargetDependency;
			target = CA49F3052D747E780021F472 /* gaudyoshinokoExtension */;
			targetProxy = CA49F31A2D747E7A0021F472 /* PBXContainerItemProxy */;
		};
		CA72B3AD2D929F090090D319 /* PBXTargetDependency */ = {
			isa = PBXTargetDependency;
			target = CA72B3A02D929F080090D319 /* GaudiyWidgetShared */;
			targetProxy = CA72B3AC2D929F090090D319 /* PBXContainerItemProxy */;
		};
		CA72B3AF2D929F090090D319 /* PBXTargetDependency */ = {
			isa = PBXTargetDependency;
			target = CA49F2D42D747E2D0021F472 /* widgetoshinoko */;
			targetProxy = CA72B3AE2D929F090090D319 /* PBXContainerItemProxy */;
		};
		CA72B3B52D929F090090D319 /* PBXTargetDependency */ = {
			isa = PBXTargetDependency;
			target = CA72B3A02D929F080090D319 /* GaudiyWidgetShared */;
			targetProxy = CA72B3B42D929F090090D319 /* PBXContainerItemProxy */;
		};
/* End PBXTargetDependency section */

/* Begin XCBuildConfiguration section */
		CA49F2F72D747E2E0021F472 /* Debug */ = {
			isa = XCBuildConfiguration;
			buildSettings = {
				ALWAYS_SEARCH_USER_PATHS = NO;
				ASSETCATALOG_COMPILER_GENERATE_SWIFT_ASSET_SYMBOL_EXTENSIONS = YES;
				CLANG_ANALYZER_NONNULL = YES;
				CLANG_ANALYZER_NUMBER_OBJECT_CONVERSION = YES_AGGRESSIVE;
				CLANG_CXX_LANGUAGE_STANDARD = "gnu++20";
				CLANG_ENABLE_MODULES = YES;
				CLANG_ENABLE_OBJC_ARC = YES;
				CLANG_ENABLE_OBJC_WEAK = YES;
				CLANG_WARN_BLOCK_CAPTURE_AUTORELEASING = YES;
				CLANG_WARN_BOOL_CONVERSION = YES;
				CLANG_WARN_COMMA = YES;
				CLANG_WARN_CONSTANT_CONVERSION = YES;
				CLANG_WARN_DEPRECATED_OBJC_IMPLEMENTATIONS = YES;
				CLANG_WARN_DIRECT_OBJC_ISA_USAGE = YES_ERROR;
				CLANG_WARN_DOCUMENTATION_COMMENTS = YES;
				CLANG_WARN_EMPTY_BODY = YES;
				CLANG_WARN_ENUM_CONVERSION = YES;
				CLANG_WARN_INFINITE_RECURSION = YES;
				CLANG_WARN_INT_CONVERSION = YES;
				CLANG_WARN_NON_LITERAL_NULL_CONVERSION = YES;
				CLANG_WARN_OBJC_IMPLICIT_RETAIN_SELF = YES;
				CLANG_WARN_OBJC_LITERAL_CONVERSION = YES;
				CLANG_WARN_OBJC_ROOT_CLASS = YES_ERROR;
				CLANG_WARN_QUOTED_INCLUDE_IN_FRAMEWORK_HEADER = YES;
				CLANG_WARN_RANGE_LOOP_ANALYSIS = YES;
				CLANG_WARN_STRICT_PROTOTYPES = YES;
				CLANG_WARN_SUSPICIOUS_MOVE = YES;
				CLANG_WARN_UNGUARDED_AVAILABILITY = YES_AGGRESSIVE;
				CLANG_WARN_UNREACHABLE_CODE = YES;
				CLANG_WARN__DUPLICATE_METHOD_MATCH = YES;
				COPY_PHASE_STRIP = NO;
				DEBUG_INFORMATION_FORMAT = dwarf;
				ENABLE_STRICT_OBJC_MSGSEND = YES;
				ENABLE_TESTABILITY = YES;
				ENABLE_USER_SCRIPT_SANDBOXING = YES;
				GCC_C_LANGUAGE_STANDARD = gnu17;
				GCC_DYNAMIC_NO_PIC = NO;
				GCC_NO_COMMON_BLOCKS = YES;
				GCC_OPTIMIZATION_LEVEL = 0;
				GCC_PREPROCESSOR_DEFINITIONS = (
					"DEBUG=1",
					"$(inherited)",
				);
				GCC_WARN_64_TO_32_BIT_CONVERSION = YES;
				GCC_WARN_ABOUT_RETURN_TYPE = YES_ERROR;
				GCC_WARN_UNDECLARED_SELECTOR = YES;
				GCC_WARN_UNINITIALIZED_AUTOS = YES_AGGRESSIVE;
				GCC_WARN_UNUSED_FUNCTION = YES;
				GCC_WARN_UNUSED_VARIABLE = YES;
				IPHONEOS_DEPLOYMENT_TARGET = 18.2;
				LOCALIZATION_PREFERS_STRING_CATALOGS = YES;
				MTL_ENABLE_DEBUG_INFO = INCLUDE_SOURCE;
				MTL_FAST_MATH = YES;
				ONLY_ACTIVE_ARCH = YES;
				SDKROOT = iphoneos;
				SWIFT_ACTIVE_COMPILATION_CONDITIONS = "DEBUG $(inherited)";
				SWIFT_OPTIMIZATION_LEVEL = "-Onone";
			};
			name = Debug;
		};
		CA49F2F82D747E2E0021F472 /* Release */ = {
			isa = XCBuildConfiguration;
			buildSettings = {
				ALWAYS_SEARCH_USER_PATHS = NO;
				ASSETCATALOG_COMPILER_GENERATE_SWIFT_ASSET_SYMBOL_EXTENSIONS = YES;
				CLANG_ANALYZER_NONNULL = YES;
				CLANG_ANALYZER_NUMBER_OBJECT_CONVERSION = YES_AGGRESSIVE;
				CLANG_CXX_LANGUAGE_STANDARD = "gnu++20";
				CLANG_ENABLE_MODULES = YES;
				CLANG_ENABLE_OBJC_ARC = YES;
				CLANG_ENABLE_OBJC_WEAK = YES;
				CLANG_WARN_BLOCK_CAPTURE_AUTORELEASING = YES;
				CLANG_WARN_BOOL_CONVERSION = YES;
				CLANG_WARN_COMMA = YES;
				CLANG_WARN_CONSTANT_CONVERSION = YES;
				CLANG_WARN_DEPRECATED_OBJC_IMPLEMENTATIONS = YES;
				CLANG_WARN_DIRECT_OBJC_ISA_USAGE = YES_ERROR;
				CLANG_WARN_DOCUMENTATION_COMMENTS = YES;
				CLANG_WARN_EMPTY_BODY = YES;
				CLANG_WARN_ENUM_CONVERSION = YES;
				CLANG_WARN_INFINITE_RECURSION = YES;
				CLANG_WARN_INT_CONVERSION = YES;
				CLANG_WARN_NON_LITERAL_NULL_CONVERSION = YES;
				CLANG_WARN_OBJC_IMPLICIT_RETAIN_SELF = YES;
				CLANG_WARN_OBJC_LITERAL_CONVERSION = YES;
				CLANG_WARN_OBJC_ROOT_CLASS = YES_ERROR;
				CLANG_WARN_QUOTED_INCLUDE_IN_FRAMEWORK_HEADER = YES;
				CLANG_WARN_RANGE_LOOP_ANALYSIS = YES;
				CLANG_WARN_STRICT_PROTOTYPES = YES;
				CLANG_WARN_SUSPICIOUS_MOVE = YES;
				CLANG_WARN_UNGUARDED_AVAILABILITY = YES_AGGRESSIVE;
				CLANG_WARN_UNREACHABLE_CODE = YES;
				CLANG_WARN__DUPLICATE_METHOD_MATCH = YES;
				COPY_PHASE_STRIP = NO;
				DEBUG_INFORMATION_FORMAT = "dwarf-with-dsym";
				ENABLE_NS_ASSERTIONS = NO;
				ENABLE_STRICT_OBJC_MSGSEND = YES;
				ENABLE_USER_SCRIPT_SANDBOXING = YES;
				GCC_C_LANGUAGE_STANDARD = gnu17;
				GCC_NO_COMMON_BLOCKS = YES;
				GCC_WARN_64_TO_32_BIT_CONVERSION = YES;
				GCC_WARN_ABOUT_RETURN_TYPE = YES_ERROR;
				GCC_WARN_UNDECLARED_SELECTOR = YES;
				GCC_WARN_UNINITIALIZED_AUTOS = YES_AGGRESSIVE;
				GCC_WARN_UNUSED_FUNCTION = YES;
				GCC_WARN_UNUSED_VARIABLE = YES;
				IPHONEOS_DEPLOYMENT_TARGET = 18.2;
				LOCALIZATION_PREFERS_STRING_CATALOGS = YES;
				MTL_ENABLE_DEBUG_INFO = NO;
				MTL_FAST_MATH = YES;
				SDKROOT = iphoneos;
				SWIFT_COMPILATION_MODE = wholemodule;
				VALIDATE_PRODUCT = YES;
			};
			name = Release;
		};
		CA49F2FA2D747E2E0021F472 /* Debug */ = {
			isa = XCBuildConfiguration;
			baseConfigurationReference = E69E2B77F60CAD1C6DA5A274 /* Pods-widgetoshinoko.debug.xcconfig */;
			buildSettings = {
				ASSETCATALOG_COMPILER_APPICON_NAME = AppIcon;
				ASSETCATALOG_COMPILER_GLOBAL_ACCENT_COLOR_NAME = AccentColor;
				CODE_SIGN_ENTITLEMENTS = widgetoshinoko/widgetoshinoko.entitlements;
				CODE_SIGN_STYLE = Automatic;
				CURRENT_PROJECT_VERSION = 1;
				DEVELOPMENT_ASSET_PATHS = "\"widgetoshinoko/Preview Content\"";
				DEVELOPMENT_TEAM = 5SKZVB6NZF;
				ENABLE_PREVIEWS = YES;
				ENABLE_USER_SCRIPT_SANDBOXING = NO;
				GENERATE_INFOPLIST_FILE = NO;
				INFOPLIST_FILE = widgetoshinoko/Info.plist;
				INFOPLIST_KEY_CFBundleDisplayName = widgetoshinoko;
				INFOPLIST_KEY_UIApplicationSceneManifest_Generation = YES;
				INFOPLIST_KEY_UIApplicationSupportsIndirectInputEvents = YES;
				INFOPLIST_KEY_UILaunchScreen_Generation = YES;
				INFOPLIST_KEY_UISupportedInterfaceOrientations_iPad = "UIInterfaceOrientationPortrait UIInterfaceOrientationPortraitUpsideDown UIInterfaceOrientationLandscapeLeft UIInterfaceOrientationLandscapeRight";
				INFOPLIST_KEY_UISupportedInterfaceOrientations_iPhone = "UIInterfaceOrientationPortrait UIInterfaceOrientationLandscapeLeft UIInterfaceOrientationLandscapeRight";
				LD_RUNPATH_SEARCH_PATHS = (
					"$(inherited)",
					"@executable_path/Frameworks",
				);
				MARKETING_VERSION = 1.0;
				PRODUCT_BUNDLE_IDENTIFIER = gaudiy.widgetoshinoko;
				PRODUCT_NAME = "$(TARGET_NAME)";
				SWIFT_EMIT_LOC_STRINGS = YES;
				SWIFT_VERSION = 5.0;
				TARGETED_DEVICE_FAMILY = "1,2";
			};
			name = Debug;
		};
		CA49F2FB2D747E2E0021F472 /* Release */ = {
			isa = XCBuildConfiguration;
			baseConfigurationReference = 6C2D519E2209D7DEA3E27A7B /* Pods-widgetoshinoko.release.xcconfig */;
			buildSettings = {
				ASSETCATALOG_COMPILER_APPICON_NAME = AppIcon;
				ASSETCATALOG_COMPILER_GLOBAL_ACCENT_COLOR_NAME = AccentColor;
				CODE_SIGN_ENTITLEMENTS = widgetoshinoko/widgetoshinoko.entitlements;
				CODE_SIGN_STYLE = Automatic;
				CURRENT_PROJECT_VERSION = 1;
				DEVELOPMENT_ASSET_PATHS = "\"widgetoshinoko/Preview Content\"";
				DEVELOPMENT_TEAM = 5SKZVB6NZF;
				ENABLE_PREVIEWS = YES;
				ENABLE_USER_SCRIPT_SANDBOXING = NO;
				GENERATE_INFOPLIST_FILE = NO;
				INFOPLIST_FILE = widgetoshinoko/Info.plist;
				INFOPLIST_KEY_CFBundleDisplayName = widgetoshinoko;
				INFOPLIST_KEY_UIApplicationSceneManifest_Generation = YES;
				INFOPLIST_KEY_UIApplicationSupportsIndirectInputEvents = YES;
				INFOPLIST_KEY_UILaunchScreen_Generation = YES;
				INFOPLIST_KEY_UISupportedInterfaceOrientations_iPad = "UIInterfaceOrientationPortrait UIInterfaceOrientationPortraitUpsideDown UIInterfaceOrientationLandscapeLeft UIInterfaceOrientationLandscapeRight";
				INFOPLIST_KEY_UISupportedInterfaceOrientations_iPhone = "UIInterfaceOrientationPortrait UIInterfaceOrientationLandscapeLeft UIInterfaceOrientationLandscapeRight";
				LD_RUNPATH_SEARCH_PATHS = (
					"$(inherited)",
					"@executable_path/Frameworks",
				);
				MARKETING_VERSION = 1.0;
				PRODUCT_BUNDLE_IDENTIFIER = gaudiy.widgetoshinoko;
				PRODUCT_NAME = "$(TARGET_NAME)";
				SWIFT_EMIT_LOC_STRINGS = YES;
				SWIFT_VERSION = 5.0;
				TARGETED_DEVICE_FAMILY = "1,2";
			};
			name = Release;
		};
		CA49F2FD2D747E2E0021F472 /* Debug */ = {
			isa = XCBuildConfiguration;
			baseConfigurationReference = B6F7141E1D872BC11F25109D /* Pods-widgetoshinokoTests.debug.xcconfig */;
			buildSettings = {
				BUNDLE_LOADER = "$(TEST_HOST)";
				CODE_SIGN_STYLE = Automatic;
				CURRENT_PROJECT_VERSION = 1;
				DEVELOPMENT_TEAM = 5SKZVB6NZF;
				GENERATE_INFOPLIST_FILE = YES;
				IPHONEOS_DEPLOYMENT_TARGET = 18.2;
				MARKETING_VERSION = 1.0;
				PRODUCT_BUNDLE_IDENTIFIER = gaudiy.widgetoshinokoTests;
				PRODUCT_NAME = "$(TARGET_NAME)";
				SWIFT_EMIT_LOC_STRINGS = NO;
				SWIFT_VERSION = 5.0;
				TARGETED_DEVICE_FAMILY = "1,2";
				TEST_HOST = "$(BUILT_PRODUCTS_DIR)/widgetoshinoko.app/$(BUNDLE_EXECUTABLE_FOLDER_PATH)/widgetoshinoko";
			};
			name = Debug;
		};
		CA49F2FE2D747E2E0021F472 /* Release */ = {
			isa = XCBuildConfiguration;
			baseConfigurationReference = 41D40EAFB348CA7C6F3B3CDE /* Pods-widgetoshinokoTests.release.xcconfig */;
			buildSettings = {
				BUNDLE_LOADER = "$(TEST_HOST)";
				CODE_SIGN_STYLE = Automatic;
				CURRENT_PROJECT_VERSION = 1;
				DEVELOPMENT_TEAM = 5SKZVB6NZF;
				GENERATE_INFOPLIST_FILE = YES;
				IPHONEOS_DEPLOYMENT_TARGET = 18.2;
				MARKETING_VERSION = 1.0;
				PRODUCT_BUNDLE_IDENTIFIER = gaudiy.widgetoshinokoTests;
				PRODUCT_NAME = "$(TARGET_NAME)";
				SWIFT_EMIT_LOC_STRINGS = NO;
				SWIFT_VERSION = 5.0;
				TARGETED_DEVICE_FAMILY = "1,2";
				TEST_HOST = "$(BUILT_PRODUCTS_DIR)/widgetoshinoko.app/$(BUNDLE_EXECUTABLE_FOLDER_PATH)/widgetoshinoko";
			};
			name = Release;
		};
		CA49F3002D747E2E0021F472 /* Debug */ = {
			isa = XCBuildConfiguration;
			baseConfigurationReference = AA7C79D419BEA7D48286C2F8 /* Pods-widgetoshinoko-widgetoshinokoUITests.debug.xcconfig */;
			buildSettings = {
				CODE_SIGN_STYLE = Automatic;
				CURRENT_PROJECT_VERSION = 1;
				DEVELOPMENT_TEAM = 5SKZVB6NZF;
				GENERATE_INFOPLIST_FILE = YES;
				MARKETING_VERSION = 1.0;
				PRODUCT_BUNDLE_IDENTIFIER = gaudiy.widgetoshinokoUITests;
				PRODUCT_NAME = "$(TARGET_NAME)";
				SWIFT_EMIT_LOC_STRINGS = NO;
				SWIFT_VERSION = 5.0;
				TARGETED_DEVICE_FAMILY = "1,2";
				TEST_TARGET_NAME = widgetoshinoko;
			};
			name = Debug;
		};
		CA49F3012D747E2E0021F472 /* Release */ = {
			isa = XCBuildConfiguration;
			baseConfigurationReference = 4FB0740AC78A96454E217F28 /* Pods-widgetoshinoko-widgetoshinokoUITests.release.xcconfig */;
			buildSettings = {
				CODE_SIGN_STYLE = Automatic;
				CURRENT_PROJECT_VERSION = 1;
				DEVELOPMENT_TEAM = 5SKZVB6NZF;
				GENERATE_INFOPLIST_FILE = YES;
				MARKETING_VERSION = 1.0;
				PRODUCT_BUNDLE_IDENTIFIER = gaudiy.widgetoshinokoUITests;
				PRODUCT_NAME = "$(TARGET_NAME)";
				SWIFT_EMIT_LOC_STRINGS = NO;
				SWIFT_VERSION = 5.0;
				TARGETED_DEVICE_FAMILY = "1,2";
				TEST_TARGET_NAME = widgetoshinoko;
			};
			name = Release;
		};
		CA49F31F2D747E7A0021F472 /* Debug */ = {
			isa = XCBuildConfiguration;
			baseConfigurationReference = 06B4B58F9BDBA3414CBF8D6E /* Pods-gaudyoshinokoExtension.debug.xcconfig */;
			buildSettings = {
				ASSETCATALOG_COMPILER_GLOBAL_ACCENT_COLOR_NAME = AccentColor;
				ASSETCATALOG_COMPILER_WIDGET_BACKGROUND_COLOR_NAME = WidgetBackground;
				CODE_SIGN_ENTITLEMENTS = gaudyoshinokoExtension.entitlements;
				CODE_SIGN_STYLE = Automatic;
				CURRENT_PROJECT_VERSION = 1;
				DEVELOPMENT_TEAM = 5SKZVB6NZF;
				GENERATE_INFOPLIST_FILE = YES;
				INFOPLIST_FILE = gaudyoshinoko/Info.plist;
				INFOPLIST_KEY_CFBundleDisplayName = gaudyoshinoko;
				INFOPLIST_KEY_NSHumanReadableCopyright = "";
				LD_RUNPATH_SEARCH_PATHS = (
					"$(inherited)",
					"@executable_path/Frameworks",
					"@executable_path/../../Frameworks",
				);
				MARKETING_VERSION = 1.0;
				PRODUCT_BUNDLE_IDENTIFIER = gaudiy.widgetoshinoko.gaudiyoshinoko;
				PRODUCT_NAME = "$(TARGET_NAME)";
				SKIP_INSTALL = YES;
				SWIFT_EMIT_LOC_STRINGS = YES;
				SWIFT_VERSION = 5.0;
				TARGETED_DEVICE_FAMILY = "1,2";
			};
			name = Debug;
		};
		CA49F3202D747E7A0021F472 /* Release */ = {
			isa = XCBuildConfiguration;
			baseConfigurationReference = D34DE3590063C1C3091EE608 /* Pods-gaudyoshinokoExtension.release.xcconfig */;
			buildSettings = {
				ASSETCATALOG_COMPILER_GLOBAL_ACCENT_COLOR_NAME = AccentColor;
				ASSETCATALOG_COMPILER_WIDGET_BACKGROUND_COLOR_NAME = WidgetBackground;
				CODE_SIGN_ENTITLEMENTS = gaudyoshinokoExtension.entitlements;
				CODE_SIGN_STYLE = Automatic;
				CURRENT_PROJECT_VERSION = 1;
				DEVELOPMENT_TEAM = 5SKZVB6NZF;
				GENERATE_INFOPLIST_FILE = YES;
				INFOPLIST_FILE = gaudyoshinoko/Info.plist;
				INFOPLIST_KEY_CFBundleDisplayName = gaudyoshinoko;
				INFOPLIST_KEY_NSHumanReadableCopyright = "";
				LD_RUNPATH_SEARCH_PATHS = (
					"$(inherited)",
					"@executable_path/Frameworks",
					"@executable_path/../../Frameworks",
				);
				MARKETING_VERSION = 1.0;
				PRODUCT_BUNDLE_IDENTIFIER = gaudiy.widgetoshinoko.gaudiyoshinoko;
				PRODUCT_NAME = "$(TARGET_NAME)";
				SKIP_INSTALL = YES;
				SWIFT_EMIT_LOC_STRINGS = YES;
				SWIFT_VERSION = 5.0;
				TARGETED_DEVICE_FAMILY = "1,2";
			};
			name = Release;
		};
		CA72B3BA2D929F090090D319 /* Debug */ = {
			isa = XCBuildConfiguration;
			buildSettings = {
				BUILD_LIBRARY_FOR_DISTRIBUTION = YES;
				CODE_SIGN_STYLE = Automatic;
				CURRENT_PROJECT_VERSION = 1;
				DEFINES_MODULE = YES;
				DEVELOPMENT_TEAM = 5SKZVB6NZF;
				DYLIB_COMPATIBILITY_VERSION = 1;
				DYLIB_CURRENT_VERSION = 1;
				DYLIB_INSTALL_NAME_BASE = "@rpath";
				ENABLE_MODULE_VERIFIER = YES;
				GENERATE_INFOPLIST_FILE = YES;
				INFOPLIST_KEY_NSHumanReadableCopyright = "";
				INSTALL_PATH = "$(LOCAL_LIBRARY_DIR)/Frameworks";
				LD_RUNPATH_SEARCH_PATHS = (
					"$(inherited)",
					"@executable_path/Frameworks",
					"@loader_path/Frameworks",
				);
				MARKETING_VERSION = 1.0;
				MODULE_VERIFIER_SUPPORTED_LANGUAGES = "objective-c objective-c++";
				MODULE_VERIFIER_SUPPORTED_LANGUAGE_STANDARDS = "gnu17 gnu++20";
				PRODUCT_BUNDLE_IDENTIFIER = gaudiy.widgetoshinoko.GaudiyWidgetShared.GaudiyWidgetShared;
				PRODUCT_NAME = "$(TARGET_NAME:c99extidentifier)";
				SKIP_INSTALL = YES;
				SWIFT_EMIT_LOC_STRINGS = YES;
				SWIFT_INSTALL_OBJC_HEADER = NO;
				SWIFT_VERSION = 5.0;
				TARGETED_DEVICE_FAMILY = "1,2";
				VERSIONING_SYSTEM = "apple-generic";
				VERSION_INFO_PREFIX = "";
			};
			name = Debug;
		};
		CA72B3BB2D929F090090D319 /* Release */ = {
			isa = XCBuildConfiguration;
			buildSettings = {
				BUILD_LIBRARY_FOR_DISTRIBUTION = YES;
				CODE_SIGN_STYLE = Automatic;
				CURRENT_PROJECT_VERSION = 1;
				DEFINES_MODULE = YES;
				DEVELOPMENT_TEAM = 5SKZVB6NZF;
				DYLIB_COMPATIBILITY_VERSION = 1;
				DYLIB_CURRENT_VERSION = 1;
				DYLIB_INSTALL_NAME_BASE = "@rpath";
				ENABLE_MODULE_VERIFIER = YES;
				GENERATE_INFOPLIST_FILE = YES;
				INFOPLIST_KEY_NSHumanReadableCopyright = "";
				INSTALL_PATH = "$(LOCAL_LIBRARY_DIR)/Frameworks";
				LD_RUNPATH_SEARCH_PATHS = (
					"$(inherited)",
					"@executable_path/Frameworks",
					"@loader_path/Frameworks",
				);
				MARKETING_VERSION = 1.0;
				MODULE_VERIFIER_SUPPORTED_LANGUAGES = "objective-c objective-c++";
				MODULE_VERIFIER_SUPPORTED_LANGUAGE_STANDARDS = "gnu17 gnu++20";
				PRODUCT_BUNDLE_IDENTIFIER = gaudiy.widgetoshinoko.GaudiyWidgetShared.GaudiyWidgetShared;
				PRODUCT_NAME = "$(TARGET_NAME:c99extidentifier)";
				SKIP_INSTALL = YES;
				SWIFT_EMIT_LOC_STRINGS = YES;
				SWIFT_INSTALL_OBJC_HEADER = NO;
				SWIFT_VERSION = 5.0;
				TARGETED_DEVICE_FAMILY = "1,2";
				VERSIONING_SYSTEM = "apple-generic";
				VERSION_INFO_PREFIX = "";
			};
			name = Release;
		};
		CA72B3BE2D929F090090D319 /* Debug */ = {
			isa = XCBuildConfiguration;
			buildSettings = {
				CODE_SIGN_STYLE = Automatic;
				CURRENT_PROJECT_VERSION = 1;
				DEVELOPMENT_TEAM = 5SKZVB6NZF;
				GENERATE_INFOPLIST_FILE = YES;
				MARKETING_VERSION = 1.0;
				PRODUCT_BUNDLE_IDENTIFIER = gaudiy.widgetoshinoko.GaudiyWidgetShared.GaudiyWidgetSharedTests;
				PRODUCT_NAME = "$(TARGET_NAME)";
				SWIFT_EMIT_LOC_STRINGS = NO;
				SWIFT_VERSION = 5.0;
				TARGETED_DEVICE_FAMILY = "1,2";
				TEST_HOST = "$(BUILT_PRODUCTS_DIR)/widgetoshinoko.app/$(BUNDLE_EXECUTABLE_FOLDER_PATH)/widgetoshinoko";
			};
			name = Debug;
		};
		CA72B3BF2D929F090090D319 /* Release */ = {
			isa = XCBuildConfiguration;
			buildSettings = {
				CODE_SIGN_STYLE = Automatic;
				CURRENT_PROJECT_VERSION = 1;
				DEVELOPMENT_TEAM = 5SKZVB6NZF;
				GENERATE_INFOPLIST_FILE = YES;
				MARKETING_VERSION = 1.0;
				PRODUCT_BUNDLE_IDENTIFIER = gaudiy.widgetoshinoko.GaudiyWidgetShared.GaudiyWidgetSharedTests;
				PRODUCT_NAME = "$(TARGET_NAME)";
				SWIFT_EMIT_LOC_STRINGS = NO;
				SWIFT_VERSION = 5.0;
				TARGETED_DEVICE_FAMILY = "1,2";
				TEST_HOST = "$(BUILT_PRODUCTS_DIR)/widgetoshinoko.app/$(BUNDLE_EXECUTABLE_FOLDER_PATH)/widgetoshinoko";
			};
			name = Release;
		};
/* End XCBuildConfiguration section */

/* Begin XCConfigurationList section */
		CA49F2D02D747E2D0021F472 /* Build configuration list for PBXProject "widgetoshinoko" */ = {
			isa = XCConfigurationList;
			buildConfigurations = (
				CA49F2F72D747E2E0021F472 /* Debug */,
				CA49F2F82D747E2E0021F472 /* Release */,
			);
			defaultConfigurationIsVisible = 0;
			defaultConfigurationName = Release;
		};
		CA49F2F92D747E2E0021F472 /* Build configuration list for PBXNativeTarget "widgetoshinoko" */ = {
			isa = XCConfigurationList;
			buildConfigurations = (
				CA49F2FA2D747E2E0021F472 /* Debug */,
				CA49F2FB2D747E2E0021F472 /* Release */,
			);
			defaultConfigurationIsVisible = 0;
			defaultConfigurationName = Release;
		};
		CA49F2FC2D747E2E0021F472 /* Build configuration list for PBXNativeTarget "widgetoshinokoTests" */ = {
			isa = XCConfigurationList;
			buildConfigurations = (
				CA49F2FD2D747E2E0021F472 /* Debug */,
				CA49F2FE2D747E2E0021F472 /* Release */,
			);
			defaultConfigurationIsVisible = 0;
			defaultConfigurationName = Release;
		};
		CA49F2FF2D747E2E0021F472 /* Build configuration list for PBXNativeTarget "widgetoshinokoUITests" */ = {
			isa = XCConfigurationList;
			buildConfigurations = (
				CA49F3002D747E2E0021F472 /* Debug */,
				CA49F3012D747E2E0021F472 /* Release */,
			);
			defaultConfigurationIsVisible = 0;
			defaultConfigurationName = Release;
		};
		CA49F31E2D747E7A0021F472 /* Build configuration list for PBXNativeTarget "gaudyoshinokoExtension" */ = {
			isa = XCConfigurationList;
			buildConfigurations = (
				CA49F31F2D747E7A0021F472 /* Debug */,
				CA49F3202D747E7A0021F472 /* Release */,
			);
			defaultConfigurationIsVisible = 0;
			defaultConfigurationName = Release;
		};
		CA72B3B92D929F090090D319 /* Build configuration list for PBXNativeTarget "GaudiyWidgetShared" */ = {
			isa = XCConfigurationList;
			buildConfigurations = (
				CA72B3BA2D929F090090D319 /* Debug */,
				CA72B3BB2D929F090090D319 /* Release */,
			);
			defaultConfigurationIsVisible = 0;
			defaultConfigurationName = Release;
		};
		CA72B3BD2D929F090090D319 /* Build configuration list for PBXNativeTarget "GaudiyWidgetSharedTests" */ = {
			isa = XCConfigurationList;
			buildConfigurations = (
				CA72B3BE2D929F090090D319 /* Debug */,
				CA72B3BF2D929F090090D319 /* Release */,
			);
			defaultConfigurationIsVisible = 0;
			defaultConfigurationName = Release;
		};
/* End XCConfigurationList section */
	};
	rootObject = CA49F2CD2D747E2D0021F472 /* Project object */;
}
